// !$*UTF8*$!
{
	archiveVersion = 1;
	classes = {
	};
	objectVersion = 46;
	objects = {

/* Begin PBXBuildFile section */
		851FFF46201FF1C80008EDB9 /* AppDelegate.swift in Sources */ = {isa = PBXBuildFile; fileRef = 851FFF45201FF1C80008EDB9 /* AppDelegate.swift */; };
		851FFF48201FF1C80008EDB9 /* ViewController.swift in Sources */ = {isa = PBXBuildFile; fileRef = 851FFF47201FF1C80008EDB9 /* ViewController.swift */; };
		851FFF4B201FF1C80008EDB9 /* Main.storyboard in Resources */ = {isa = PBXBuildFile; fileRef = 851FFF49201FF1C80008EDB9 /* Main.storyboard */; };
		851FFF4D201FF1C80008EDB9 /* Assets.xcassets in Resources */ = {isa = PBXBuildFile; fileRef = 851FFF4C201FF1C80008EDB9 /* Assets.xcassets */; };
		851FFF50201FF1C80008EDB9 /* LaunchScreen.storyboard in Resources */ = {isa = PBXBuildFile; fileRef = 851FFF4E201FF1C80008EDB9 /* LaunchScreen.storyboard */; };
		851FFF5B201FF1C80008EDB9 /* transicionesTests.swift in Sources */ = {isa = PBXBuildFile; fileRef = 851FFF5A201FF1C80008EDB9 /* transicionesTests.swift */; };
		851FFF66201FF1C80008EDB9 /* transicionesUITests.swift in Sources */ = {isa = PBXBuildFile; fileRef = 851FFF65201FF1C80008EDB9 /* transicionesUITests.swift */; };
/* End PBXBuildFile section */

/* Begin PBXContainerItemProxy section */
		851FFF57201FF1C80008EDB9 /* PBXContainerItemProxy */ = {
			isa = PBXContainerItemProxy;
			containerPortal = 851FFF3A201FF1C70008EDB9 /* Project object */;
			proxyType = 1;
			remoteGlobalIDString = 851FFF41201FF1C70008EDB9;
			remoteInfo = transiciones;
		};
		851FFF62201FF1C80008EDB9 /* PBXContainerItemProxy */ = {
			isa = PBXContainerItemProxy;
			containerPortal = 851FFF3A201FF1C70008EDB9 /* Project object */;
			proxyType = 1;
			remoteGlobalIDString = 851FFF41201FF1C70008EDB9;
			remoteInfo = transiciones;
		};
/* End PBXContainerItemProxy section */

/* Begin PBXFileReference section */
		851FFF42201FF1C80008EDB9 /* transiciones.app */ = {isa = PBXFileReference; explicitFileType = wrapper.application; includeInIndex = 0; path = transiciones.app; sourceTree = BUILT_PRODUCTS_DIR; };
		851FFF45201FF1C80008EDB9 /* AppDelegate.swift */ = {isa = PBXFileReference; lastKnownFileType = sourcecode.swift; path = AppDelegate.swift; sourceTree = "<group>"; };
		851FFF47201FF1C80008EDB9 /* ViewController.swift */ = {isa = PBXFileReference; lastKnownFileType = sourcecode.swift; path = ViewController.swift; sourceTree = "<group>"; };
		851FFF4A201FF1C80008EDB9 /* Base */ = {isa = PBXFileReference; lastKnownFileType = file.storyboard; name = Base; path = Base.lproj/Main.storyboard; sourceTree = "<group>"; };
		851FFF4C201FF1C80008EDB9 /* Assets.xcassets */ = {isa = PBXFileReference; lastKnownFileType = folder.assetcatalog; path = Assets.xcassets; sourceTree = "<group>"; };
		851FFF4F201FF1C80008EDB9 /* Base */ = {isa = PBXFileReference; lastKnownFileType = file.storyboard; name = Base; path = Base.lproj/LaunchScreen.storyboard; sourceTree = "<group>"; };
		851FFF51201FF1C80008EDB9 /* Info.plist */ = {isa = PBXFileReference; lastKnownFileType = text.plist.xml; path = Info.plist; sourceTree = "<group>"; };
		851FFF56201FF1C80008EDB9 /* transicionesTests.xctest */ = {isa = PBXFileReference; explicitFileType = wrapper.cfbundle; includeInIndex = 0; path = transicionesTests.xctest; sourceTree = BUILT_PRODUCTS_DIR; };
		851FFF5A201FF1C80008EDB9 /* transicionesTests.swift */ = {isa = PBXFileReference; lastKnownFileType = sourcecode.swift; path = transicionesTests.swift; sourceTree = "<group>"; };
		851FFF5C201FF1C80008EDB9 /* Info.plist */ = {isa = PBXFileReference; lastKnownFileType = text.plist.xml; path = Info.plist; sourceTree = "<group>"; };
		851FFF61201FF1C80008EDB9 /* transicionesUITests.xctest */ = {isa = PBXFileReference; explicitFileType = wrapper.cfbundle; includeInIndex = 0; path = transicionesUITests.xctest; sourceTree = BUILT_PRODUCTS_DIR; };
		851FFF65201FF1C80008EDB9 /* transicionesUITests.swift */ = {isa = PBXFileReference; lastKnownFileType = sourcecode.swift; path = transicionesUITests.swift; sourceTree = "<group>"; };
		851FFF67201FF1C80008EDB9 /* Info.plist */ = {isa = PBXFileReference; lastKnownFileType = text.plist.xml; path = Info.plist; sourceTree = "<group>"; };
/* End PBXFileReference section */

/* Begin PBXFrameworksBuildPhase section */
		851FFF3F201FF1C70008EDB9 /* Frameworks */ = {
			isa = PBXFrameworksBuildPhase;
			buildActionMask = 2147483647;
			files = (
			);
			runOnlyForDeploymentPostprocessing = 0;
		};
		851FFF53201FF1C80008EDB9 /* Frameworks */ = {
			isa = PBXFrameworksBuildPhase;
			buildActionMask = 2147483647;
			files = (
			);
			runOnlyForDeploymentPostprocessing = 0;
		};
		851FFF5E201FF1C80008EDB9 /* Frameworks */ = {
			isa = PBXFrameworksBuildPhase;
			buildActionMask = 2147483647;
			files = (
			);
			runOnlyForDeploymentPostprocessing = 0;
		};
/* End PBXFrameworksBuildPhase section */

/* Begin PBXGroup section */
		851FFF39201FF1C70008EDB9 = {
			isa = PBXGroup;
			children = (
				851FFF44201FF1C80008EDB9 /* transiciones */,
				851FFF59201FF1C80008EDB9 /* transicionesTests */,
				851FFF64201FF1C80008EDB9 /* transicionesUITests */,
				851FFF43201FF1C80008EDB9 /* Products */,
			);
			sourceTree = "<group>";
		};
		851FFF43201FF1C80008EDB9 /* Products */ = {
			isa = PBXGroup;
			children = (
				851FFF42201FF1C80008EDB9 /* transiciones.app */,
				851FFF56201FF1C80008EDB9 /* transicionesTests.xctest */,
				851FFF61201FF1C80008EDB9 /* transicionesUITests.xctest */,
			);
			name = Products;
			sourceTree = "<group>";
		};
		851FFF44201FF1C80008EDB9 /* transiciones */ = {
			isa = PBXGroup;
			children = (
				851FFF45201FF1C80008EDB9 /* AppDelegate.swift */,
				851FFF47201FF1C80008EDB9 /* ViewController.swift */,
				851FFF49201FF1C80008EDB9 /* Main.storyboard */,
				851FFF4C201FF1C80008EDB9 /* Assets.xcassets */,
				851FFF4E201FF1C80008EDB9 /* LaunchScreen.storyboard */,
				851FFF51201FF1C80008EDB9 /* Info.plist */,
			);
			path = transiciones;
			sourceTree = "<group>";
		};
		851FFF59201FF1C80008EDB9 /* transicionesTests */ = {
			isa = PBXGroup;
			children = (
				851FFF5A201FF1C80008EDB9 /* transicionesTests.swift */,
				851FFF5C201FF1C80008EDB9 /* Info.plist */,
			);
			path = transicionesTests;
			sourceTree = "<group>";
		};
		851FFF64201FF1C80008EDB9 /* transicionesUITests */ = {
			isa = PBXGroup;
			children = (
				851FFF65201FF1C80008EDB9 /* transicionesUITests.swift */,
				851FFF67201FF1C80008EDB9 /* Info.plist */,
			);
			path = transicionesUITests;
			sourceTree = "<group>";
		};
/* End PBXGroup section */

/* Begin PBXNativeTarget section */
		851FFF41201FF1C70008EDB9 /* transiciones */ = {
			isa = PBXNativeTarget;
			buildConfigurationList = 851FFF6A201FF1C80008EDB9 /* Build configuration list for PBXNativeTarget "transiciones" */;
			buildPhases = (
				851FFF3E201FF1C70008EDB9 /* Sources */,
				851FFF3F201FF1C70008EDB9 /* Frameworks */,
				851FFF40201FF1C70008EDB9 /* Resources */,
			);
			buildRules = (
			);
			dependencies = (
			);
			name = transiciones;
			productName = transiciones;
			productReference = 851FFF42201FF1C80008EDB9 /* transiciones.app */;
			productType = "com.apple.product-type.application";
		};
		851FFF55201FF1C80008EDB9 /* transicionesTests */ = {
			isa = PBXNativeTarget;
			buildConfigurationList = 851FFF6D201FF1C80008EDB9 /* Build configuration list for PBXNativeTarget "transicionesTests" */;
			buildPhases = (
				851FFF52201FF1C80008EDB9 /* Sources */,
				851FFF53201FF1C80008EDB9 /* Frameworks */,
				851FFF54201FF1C80008EDB9 /* Resources */,
			);
			buildRules = (
			);
			dependencies = (
				851FFF58201FF1C80008EDB9 /* PBXTargetDependency */,
			);
			name = transicionesTests;
			productName = transicionesTests;
			productReference = 851FFF56201FF1C80008EDB9 /* transicionesTests.xctest */;
			productType = "com.apple.product-type.bundle.unit-test";
		};
		851FFF60201FF1C80008EDB9 /* transicionesUITests */ = {
			isa = PBXNativeTarget;
			buildConfigurationList = 851FFF70201FF1C80008EDB9 /* Build configuration list for PBXNativeTarget "transicionesUITests" */;
			buildPhases = (
				851FFF5D201FF1C80008EDB9 /* Sources */,
				851FFF5E201FF1C80008EDB9 /* Frameworks */,
				851FFF5F201FF1C80008EDB9 /* Resources */,
			);
			buildRules = (
			);
			dependencies = (
				851FFF63201FF1C80008EDB9 /* PBXTargetDependency */,
			);
			name = transicionesUITests;
			productName = transicionesUITests;
			productReference = 851FFF61201FF1C80008EDB9 /* transicionesUITests.xctest */;
			productType = "com.apple.product-type.bundle.ui-testing";
		};
/* End PBXNativeTarget section */

/* Begin PBXProject section */
		851FFF3A201FF1C70008EDB9 /* Project object */ = {
			isa = PBXProject;
			attributes = {
				LastSwiftUpdateCheck = 0820;
				LastUpgradeCheck = 0820;
				ORGANIZATIONNAME = Maestro;
				TargetAttributes = {
					851FFF41201FF1C70008EDB9 = {
						CreatedOnToolsVersion = 8.2;
						ProvisioningStyle = Automatic;
					};
					851FFF55201FF1C80008EDB9 = {
						CreatedOnToolsVersion = 8.2;
						ProvisioningStyle = Automatic;
						TestTargetID = 851FFF41201FF1C70008EDB9;
					};
					851FFF60201FF1C80008EDB9 = {
						CreatedOnToolsVersion = 8.2;
						ProvisioningStyle = Automatic;
						TestTargetID = 851FFF41201FF1C70008EDB9;
					};
				};
			};
			buildConfigurationList = 851FFF3D201FF1C70008EDB9 /* Build configuration list for PBXProject "transiciones" */;
			compatibilityVersion = "Xcode 3.2";
			developmentRegion = English;
			hasScannedForEncodings = 0;
			knownRegions = (
				en,
				Base,
			);
			mainGroup = 851FFF39201FF1C70008EDB9;
			productRefGroup = 851FFF43201FF1C80008EDB9 /* Products */;
			projectDirPath = "";
			projectRoot = "";
			targets = (
				851FFF41201FF1C70008EDB9 /* transiciones */,
				851FFF55201FF1C80008EDB9 /* transicionesTests */,
				851FFF60201FF1C80008EDB9 /* transicionesUITests */,
			);
		};
/* End PBXProject section */

/* Begin PBXResourcesBuildPhase section */
		851FFF40201FF1C70008EDB9 /* Resources */ = {
			isa = PBXResourcesBuildPhase;
			buildActionMask = 2147483647;
			files = (
				851FFF50201FF1C80008EDB9 /* LaunchScreen.storyboard in Resources */,
				851FFF4D201FF1C80008EDB9 /* Assets.xcassets in Resources */,
				851FFF4B201FF1C80008EDB9 /* Main.storyboard in Resources */,
			);
			runOnlyForDeploymentPostprocessing = 0;
		};
		851FFF54201FF1C80008EDB9 /* Resources */ = {
			isa = PBXResourcesBuildPhase;
			buildActionMask = 2147483647;
			files = (
			);
			runOnlyForDeploymentPostprocessing = 0;
		};
		851FFF5F201FF1C80008EDB9 /* Resources */ = {
			isa = PBXResourcesBuildPhase;
			buildActionMask = 2147483647;
			files = (
			);
			runOnlyForDeploymentPostprocessing = 0;
		};
/* End PBXResourcesBuildPhase section */

/* Begin PBXSourcesBuildPhase section */
		851FFF3E201FF1C70008EDB9 /* Sources */ = {
			isa = PBXSourcesBuildPhase;
			buildActionMask = 2147483647;
			files = (
				851FFF48201FF1C80008EDB9 /* ViewController.swift in Sources */,
				851FFF46201FF1C80008EDB9 /* AppDelegate.swift in Sources */,
			);
			runOnlyForDeploymentPostprocessing = 0;
		};
		851FFF52201FF1C80008EDB9 /* Sources */ = {
			isa = PBXSourcesBuildPhase;
			buildActionMask = 2147483647;
			files = (
				851FFF5B201FF1C80008EDB9 /* transicionesTests.swift in Sources */,
			);
			runOnlyForDeploymentPostprocessing = 0;
		};
		851FFF5D201FF1C80008EDB9 /* Sources */ = {
			isa = PBXSourcesBuildPhase;
			buildActionMask = 2147483647;
			files = (
				851FFF66201FF1C80008EDB9 /* transicionesUITests.swift in Sources */,
			);
			runOnlyForDeploymentPostprocessing = 0;
		};
/* End PBXSourcesBuildPhase section */

/* Begin PBXTargetDependency section */
		851FFF58201FF1C80008EDB9 /* PBXTargetDependency */ = {
			isa = PBXTargetDependency;
			target = 851FFF41201FF1C70008EDB9 /* transiciones */;
			targetProxy = 851FFF57201FF1C80008EDB9 /* PBXContainerItemProxy */;
		};
		851FFF63201FF1C80008EDB9 /* PBXTargetDependency */ = {
			isa = PBXTargetDependency;
			target = 851FFF41201FF1C70008EDB9 /* transiciones */;
			targetProxy = 851FFF62201FF1C80008EDB9 /* PBXContainerItemProxy */;
		};
/* End PBXTargetDependency section */

/* Begin PBXVariantGroup section */
		851FFF49201FF1C80008EDB9 /* Main.storyboard */ = {
			isa = PBXVariantGroup;
			children = (
				851FFF4A201FF1C80008EDB9 /* Base */,
			);
			name = Main.storyboard;
			sourceTree = "<group>";
		};
		851FFF4E201FF1C80008EDB9 /* LaunchScreen.storyboard */ = {
			isa = PBXVariantGroup;
			children = (
				851FFF4F201FF1C80008EDB9 /* Base */,
			);
			name = LaunchScreen.storyboard;
			sourceTree = "<group>";
		};
/* End PBXVariantGroup section */

/* Begin XCBuildConfiguration section */
		851FFF68201FF1C80008EDB9 /* Debug */ = {
			isa = XCBuildConfiguration;
			buildSettings = {
				ALWAYS_SEARCH_USER_PATHS = NO;
				CLANG_ANALYZER_NONNULL = YES;
				CLANG_CXX_LANGUAGE_STANDARD = "gnu++0x";
				CLANG_CXX_LIBRARY = "libc++";
				CLANG_ENABLE_MODULES = YES;
				CLANG_ENABLE_OBJC_ARC = YES;
				CLANG_WARN_BOOL_CONVERSION = YES;
				CLANG_WARN_CONSTANT_CONVERSION = YES;
				CLANG_WARN_DIRECT_OBJC_ISA_USAGE = YES_ERROR;
				CLANG_WARN_DOCUMENTATION_COMMENTS = YES;
				CLANG_WARN_EMPTY_BODY = YES;
				CLANG_WARN_ENUM_CONVERSION = YES;
				CLANG_WARN_INFINITE_RECURSION = YES;
				CLANG_WARN_INT_CONVERSION = YES;
				CLANG_WARN_OBJC_ROOT_CLASS = YES_ERROR;
				CLANG_WARN_SUSPICIOUS_MOVE = YES;
				CLANG_WARN_UNREACHABLE_CODE = YES;
				CLANG_WARN__DUPLICATE_METHOD_MATCH = YES;
				"CODE_SIGN_IDENTITY[sdk=iphoneos*]" = "iPhone Developer";
				COPY_PHASE_STRIP = NO;
				DEBUG_INFORMATION_FORMAT = dwarf;
				ENABLE_STRICT_OBJC_MSGSEND = YES;
				ENABLE_TESTABILITY = YES;
				GCC_C_LANGUAGE_STANDARD = gnu99;
				GCC_DYNAMIC_NO_PIC = NO;
				GCC_NO_COMMON_BLOCKS = YES;
				GCC_OPTIMIZATION_LEVEL = 0;
				GCC_PREPROCESSOR_DEFINITIONS = (
					"DEBUG=1",
					"$(inherited)",
				);
				GCC_WARN_64_TO_32_BIT_CONVERSION = YES;
				GCC_WARN_ABOUT_RETURN_TYPE = YES_ERROR;
				GCC_WARN_UNDECLARED_SELECTOR = YES;
				GCC_WARN_UNINITIALIZED_AUTOS = YES_AGGRESSIVE;
				GCC_WARN_UNUSED_FUNCTION = YES;
				GCC_WARN_UNUSED_VARIABLE = YES;
				IPHONEOS_DEPLOYMENT_TARGET = 10.2;
				MTL_ENABLE_DEBUG_INFO = YES;
				ONLY_ACTIVE_ARCH = YES;
				SDKROOT = iphoneos;
				SWIFT_ACTIVE_COMPILATION_CONDITIONS = DEBUG;
				SWIFT_OPTIMIZATION_LEVEL = "-Onone";
				TARGETED_DEVICE_FAMILY = "1,2";
			};
			name = Debug;
		};
		851FFF69201FF1C80008EDB9 /* Release */ = {
			isa = XCBuildConfiguration;
			buildSettings = {
				ALWAYS_SEARCH_USER_PATHS = NO;
				CLANG_ANALYZER_NONNULL = YES;
				CLANG_CXX_LANGUAGE_STANDARD = "gnu++0x";
				CLANG_CXX_LIBRARY = "libc++";
				CLANG_ENABLE_MODULES = YES;
				CLANG_ENABLE_OBJC_ARC = YES;
				CLANG_WARN_BOOL_CONVERSION = YES;
				CLANG_WARN_CONSTANT_CONVERSION = YES;
				CLANG_WARN_DIRECT_OBJC_ISA_USAGE = YES_ERROR;
				CLANG_WARN_DOCUMENTATION_COMMENTS = YES;
				CLANG_WARN_EMPTY_BODY = YES;
				CLANG_WARN_ENUM_CONVERSION = YES;
				CLANG_WARN_INFINITE_RECURSION = YES;
				CLANG_WARN_INT_CONVERSION = YES;
				CLANG_WARN_OBJC_ROOT_CLASS = YES_ERROR;
				CLANG_WARN_SUSPICIOUS_MOVE = YES;
				CLANG_WARN_UNREACHABLE_CODE = YES;
				CLANG_WARN__DUPLICATE_METHOD_MATCH = YES;
				"CODE_SIGN_IDENTITY[sdk=iphoneos*]" = "iPhone Developer";
				COPY_PHASE_STRIP = NO;
				DEBUG_INFORMATION_FORMAT = "dwarf-with-dsym";
				ENABLE_NS_ASSERTIONS = NO;
				ENABLE_STRICT_OBJC_MSGSEND = YES;
				GCC_C_LANGUAGE_STANDARD = gnu99;
				GCC_NO_COMMON_BLOCKS = YES;
				GCC_WARN_64_TO_32_BIT_CONVERSION = YES;
				GCC_WARN_ABOUT_RETURN_TYPE = YES_ERROR;
				GCC_WARN_UNDECLARED_SELECTOR = YES;
				GCC_WARN_UNINITIALIZED_AUTOS = YES_AGGRESSIVE;
				GCC_WARN_UNUSED_FUNCTION = YES;
				GCC_WARN_UNUSED_VARIABLE = YES;
				IPHONEOS_DEPLOYMENT_TARGET = 10.2;
				MTL_ENABLE_DEBUG_INFO = NO;
				SDKROOT = iphoneos;
				SWIFT_OPTIMIZATION_LEVEL = "-Owholemodule";
				TARGETED_DEVICE_FAMILY = "1,2";
				VALIDATE_PRODUCT = YES;
			};
			name = Release;
		};
		851FFF6B201FF1C80008EDB9 /* Debug */ = {
			isa = XCBuildConfiguration;
			buildSettings = {
				ASSETCATALOG_COMPILER_APPICON_NAME = AppIcon;
				INFOPLIST_FILE = transiciones/Info.plist;
				LD_RUNPATH_SEARCH_PATHS = "$(inherited) @executable_path/Frameworks";
				PRODUCT_BUNDLE_IDENTIFIER = edu.ulsa.transiciones;
				PRODUCT_NAME = "$(TARGET_NAME)";
				SWIFT_VERSION = 3.0;
			};
			name = Debug;
		};
		851FFF6C201FF1C80008EDB9 /* Release */ = {
			isa = XCBuildConfiguration;
			buildSettings = {
				ASSETCATALOG_COMPILER_APPICON_NAME = AppIcon;
				INFOPLIST_FILE = transiciones/Info.plist;
				LD_RUNPATH_SEARCH_PATHS = "$(inherited) @executable_path/Frameworks";
				PRODUCT_BUNDLE_IDENTIFIER = edu.ulsa.transiciones;
				PRODUCT_NAME = "$(TARGET_NAME)";
				SWIFT_VERSION = 3.0;
			};
			name = Release;
		};
		851FFF6E201FF1C80008EDB9 /* Debug */ = {
			isa = XCBuildConfiguration;
			buildSettings = {
				ALWAYS_EMBED_SWIFT_STANDARD_LIBRARIES = YES;
				BUNDLE_LOADER = "$(TEST_HOST)";
				INFOPLIST_FILE = transicionesTests/Info.plist;
				LD_RUNPATH_SEARCH_PATHS = "$(inherited) @executable_path/Frameworks @loader_path/Frameworks";
				PRODUCT_BUNDLE_IDENTIFIER = edu.ulsa.transicionesTests;
				PRODUCT_NAME = "$(TARGET_NAME)";
				SWIFT_VERSION = 3.0;
				TEST_HOST = "$(BUILT_PRODUCTS_DIR)/transiciones.app/transiciones";
			};
			name = Debug;
		};
		851FFF6F201FF1C80008EDB9 /* Release */ = {
			isa = XCBuildConfiguration;
			buildSettings = {
				ALWAYS_EMBED_SWIFT_STANDARD_LIBRARIES = YES;
				BUNDLE_LOADER = "$(TEST_HOST)";
				INFOPLIST_FILE = transicionesTests/Info.plist;
				LD_RUNPATH_SEARCH_PATHS = "$(inherited) @executable_path/Frameworks @loader_path/Frameworks";
				PRODUCT_BUNDLE_IDENTIFIER = edu.ulsa.transicionesTests;
				PRODUCT_NAME = "$(TARGET_NAME)";
				SWIFT_VERSION = 3.0;
				TEST_HOST = "$(BUILT_PRODUCTS_DIR)/transiciones.app/transiciones";
			};
			name = Release;
		};
		851FFF71201FF1C80008EDB9 /* Debug */ = {
			isa = XCBuildConfiguration;
			buildSettings = {
				ALWAYS_EMBED_SWIFT_STANDARD_LIBRARIES = YES;
				INFOPLIST_FILE = transicionesUITests/Info.plist;
				LD_RUNPATH_SEARCH_PATHS = "$(inherited) @executable_path/Frameworks @loader_path/Frameworks";
				PRODUCT_BUNDLE_IDENTIFIER = edu.ulsa.transicionesUITests;
				PRODUCT_NAME = "$(TARGET_NAME)";
				SWIFT_VERSION = 3.0;
				TEST_TARGET_NAME = transiciones;
			};
			name = Debug;
		};
		851FFF72201FF1C80008EDB9 /* Release */ = {
			isa = XCBuildConfiguration;
			buildSettings = {
				ALWAYS_EMBED_SWIFT_STANDARD_LIBRARIES = YES;
				INFOPLIST_FILE = transicionesUITests/Info.plist;
				LD_RUNPATH_SEARCH_PATHS = "$(inherited) @executable_path/Frameworks @loader_path/Frameworks";
				PRODUCT_BUNDLE_IDENTIFIER = edu.ulsa.transicionesUITests;
				PRODUCT_NAME = "$(TARGET_NAME)";
				SWIFT_VERSION = 3.0;
				TEST_TARGET_NAME = transiciones;
			};
			name = Release;
		};
/* End XCBuildConfiguration section */

/* Begin XCConfigurationList section */
		851FFF3D201FF1C70008EDB9 /* Build configuration list for PBXProject "transiciones" */ = {
			isa = XCConfigurationList;
			buildConfigurations = (
				851FFF68201FF1C80008EDB9 /* Debug */,
				851FFF69201FF1C80008EDB9 /* Release */,
			);
			defaultConfigurationIsVisible = 0;
			defaultConfigurationName = Release;
		};
		851FFF6A201FF1C80008EDB9 /* Build configuration list for PBXNativeTarget "transiciones" */ = {
			isa = XCConfigurationList;
			buildConfigurations = (
				851FFF6B201FF1C80008EDB9 /* Debug */,
				851FFF6C201FF1C80008EDB9 /* Release */,
			);
			defaultConfigurationIsVisible = 0;
		};
		851FFF6D201FF1C80008EDB9 /* Build configuration list for PBXNativeTarget "transicionesTests" */ = {
			isa = XCConfigurationList;
			buildConfigurations = (
				851FFF6E201FF1C80008EDB9 /* Debug */,
				851FFF6F201FF1C80008EDB9 /* Release */,
			);
			defaultConfigurationIsVisible = 0;
		};
		851FFF70201FF1C80008EDB9 /* Build configuration list for PBXNativeTarget "transicionesUITests" */ = {
			isa = XCConfigurationList;
			buildConfigurations = (
				851FFF71201FF1C80008EDB9 /* Debug */,
				851FFF72201FF1C80008EDB9 /* Release */,
			);
			defaultConfigurationIsVisible = 0;
		};
/* End XCConfigurationList section */
	};
	rootObject = 851FFF3A201FF1C70008EDB9 /* Project object */;
}
